#MicroXplorer Configuration settings - do not modify
Dma.DAC_CH1.0.Direction=DMA_MEMORY_TO_PERIPH
Dma.DAC_CH1.0.Instance=DMA1_Channel3
Dma.DAC_CH1.0.MemDataAlignment=DMA_MDATAALIGN_HALFWORD
Dma.DAC_CH1.0.MemInc=DMA_MINC_ENABLE
Dma.DAC_CH1.0.Mode=DMA_NORMAL
Dma.DAC_CH1.0.PeriphDataAlignment=DMA_PDATAALIGN_HALFWORD
Dma.DAC_CH1.0.PeriphInc=DMA_PINC_DISABLE
Dma.DAC_CH1.0.Priority=DMA_PRIORITY_VERY_HIGH
Dma.DAC_CH1.0.RequestParameters=Instance,Direction,PeriphInc,MemInc,PeriphDataAlignment,MemDataAlignment,Mode,Priority
Dma.DAC_CH2.1.Direction=DMA_MEMORY_TO_PERIPH
Dma.DAC_CH2.1.Instance=DMA1_Channel4
Dma.DAC_CH2.1.MemDataAlignment=DMA_MDATAALIGN_HALFWORD
Dma.DAC_CH2.1.MemInc=DMA_MINC_ENABLE
Dma.DAC_CH2.1.Mode=DMA_NORMAL
Dma.DAC_CH2.1.PeriphDataAlignment=DMA_PDATAALIGN_HALFWORD
Dma.DAC_CH2.1.PeriphInc=DMA_PINC_DISABLE
Dma.DAC_CH2.1.Priority=DMA_PRIORITY_VERY_HIGH
Dma.DAC_CH2.1.RequestParameters=Instance,Direction,PeriphInc,MemInc,PeriphDataAlignment,MemDataAlignment,Mode,Priority
Dma.Request0=DAC_CH1
Dma.Request1=DAC_CH2
Dma.RequestsNb=2
File.Version=6
KeepUserPlacement=false
Mcu.Family=STM32F3
Mcu.IP0=DAC
Mcu.IP1=DMA
Mcu.IP2=NVIC
Mcu.IP3=RCC
Mcu.IP4=SYS
Mcu.IP5=TIM6
Mcu.IPNb=6
Mcu.Name=STM32F303C(B-C)Tx
Mcu.Package=LQFP48
Mcu.Pin0=PA4
Mcu.Pin1=PA5
Mcu.Pin2=VP_SYS_VS_Systick
Mcu.Pin3=VP_TIM6_VS_ClockSourceINT
Mcu.PinsNb=4
Mcu.UserConstants=
Mcu.UserName=STM32F303CBTx
MxCube.Version=4.22.0
MxDb.Version=DB.4.0.220
NVIC.BusFault_IRQn=true\:0\:0\:false\:false\:true
NVIC.DMA1_Channel3_IRQn=true\:0\:0\:false\:false\:true
NVIC.DMA1_Channel4_IRQn=true\:0\:0\:false\:false\:true
NVIC.DebugMonitor_IRQn=true\:0\:0\:false\:false\:true
NVIC.HardFault_IRQn=true\:0\:0\:false\:false\:true
NVIC.MemoryManagement_IRQn=true\:0\:0\:false\:false\:true
NVIC.NonMaskableInt_IRQn=true\:0\:0\:false\:false\:true
NVIC.PendSV_IRQn=true\:0\:0\:false\:false\:true
NVIC.PriorityGroup=NVIC_PRIORITYGROUP_4
NVIC.SVCall_IRQn=true\:0\:0\:false\:false\:true
NVIC.SysTick_IRQn=true\:0\:0\:false\:false\:true
NVIC.UsageFault_IRQn=true\:0\:0\:false\:false\:true
PA4.Locked=true
PA4.Signal=COMP_DAC1_group
PA5.Locked=true
PA5.Signal=COMP_DAC2_group
PCC.Checker=false
PCC.Line=STM32F303
PCC.MCU=STM32F303C(B-C)Tx
PCC.PartNumber=STM32F303CBTx
PCC.Seq0=0
PCC.Series=STM32F3
PCC.Temperature=25
PCC.Vdd=3.6
PinOutPanel.RotationAngle=0
RCC.ADC12outputFreq_Value=64000000
RCC.ADC34outputFreq_Value=64000000
RCC.AHBFreq_Value=64000000
RCC.APB1CLKDivider=RCC_HCLK_DIV4
RCC.APB1Freq_Value=16000000
RCC.APB1TimFreq_Value=32000000
RCC.APB2Freq_Value=64000000
RCC.APB2TimFreq_Value=64000000
RCC.CortexFreq_Value=64000000
RCC.FCLKCortexFreq_Value=64000000
RCC.FamilyName=M
RCC.HCLKFreq_Value=64000000
RCC.HSEPLLFreq_Value=8000000
RCC.HSE_VALUE=8000000
RCC.HSIPLLFreq_Value=4000000
RCC.HSI_VALUE=8000000
RCC.I2C1Freq_Value=8000000
RCC.I2C2Freq_Value=8000000
RCC.IPParameters=ADC12outputFreq_Value,ADC34outputFreq_Value,AHBFreq_Value,APB1CLKDivider,APB1Freq_Value,APB1TimFreq_Value,APB2Freq_Value,APB2TimFreq_Value,CortexFreq_Value,FCLKCortexFreq_Value,FamilyName,HCLKFreq_Value,HSEPLLFreq_Value,HSE_VALUE,HSIPLLFreq_Value,HSI_VALUE,I2C1Freq_Value,I2C2Freq_Value,LSE_VALUE,LSI_VALUE,MCOFreq_Value,PLLCLKFreq_Value,PLLMCOFreq_Value,PLLMUL,RTCFreq_Value,RTCHSEDivFreq_Value,SYSCLKFreq_VALUE,SYSCLKSourceVirtual,TIM1Freq_Value,TIM2Freq_Value,TIM8Freq_Value,USART1Freq_Value,USART2Freq_Value,USART3Freq_Value,USBFreq_Value,VCOOutput2Freq_Value
RCC.LSE_VALUE=32768
RCC.LSI_VALUE=40000
RCC.MCOFreq_Value=64000000
RCC.PLLCLKFreq_Value=64000000
RCC.PLLMCOFreq_Value=32000000
RCC.PLLMUL=RCC_PLL_MUL16
RCC.RTCFreq_Value=40000
RCC.RTCHSEDivFreq_Value=250000
RCC.SYSCLKFreq_VALUE=64000000
RCC.SYSCLKSourceVirtual=RCC_SYSCLKSOURCE_PLLCLK
RCC.TIM1Freq_Value=64000000
RCC.TIM2Freq_Value=64000000
RCC.TIM8Freq_Value=64000000
RCC.USART1Freq_Value=64000000
RCC.USART2Freq_Value=16000000
RCC.USART3Freq_Value=16000000
RCC.USBFreq_Value=64000000
RCC.VCOOutput2Freq_Value=4000000
SH.COMP_DAC1_group.0=DAC_OUT1,DAC_OUT1
SH.COMP_DAC1_group.ConfNb=1
SH.COMP_DAC2_group.0=DAC_OUT2,Enable_DAC_OUT2
SH.COMP_DAC2_group.ConfNb=1
TIM6.IPParameters=Prescaler,Period
TIM6.Period=1000
TIM6.Prescaler=1-1
VP_SYS_VS_Systick.Mode=SysTick
VP_SYS_VS_Systick.Signal=SYS_VS_Systick
VP_TIM6_VS_ClockSourceINT.Mode=Enable_Timer
VP_TIM6_VS_ClockSourceINT.Signal=TIM6_VS_ClockSourceINT
